
Microsoft Visual Studio Solution File, Format Version 12.00
# Visual Studio Version 17
VisualStudioVersion = 17.2.32526.322
MinimumVisualStudioVersion = 10.0.40219.1
Project("{9A19103F-16F7-4668-BE54-9A1E7A4F7556}") = "SampleBrowser.Web", "SampleBrowser.Web\SampleBrowser.Web.csproj", "{A99E2C2F-93B3-4FF1-B0B1-2E86813C500B}"
EndProject
Project("{9A19103F-16F7-4668-BE54-9A1E7A4F7556}") = "SampleBrowser.Common", "SampleBrowser.Common\SampleBrowser.Common.csproj", "{DE7A96E8-FBA2-448D-B3FF-13C7AEC73174}"
EndProject
Project("{2150E333-8FDC-42A3-9474-1A3956D46DE8}") = "References", "References", "{E60AA2B9-9E10-4783-8F00-C0B1AB598BD8}"
	ProjectSection(SolutionItems) = preProject
		References\ActiproSoftware.References.props = References\ActiproSoftware.References.props
		References\Avalonia.References.props = References\Avalonia.References.props
	EndProjectSection
EndProject
Global
	GlobalSection(SolutionConfigurationPlatforms) = preSolution
		Debug|Any CPU = Debug|Any CPU
		Release|Any CPU = Release|Any CPU
	EndGlobalSection
	GlobalSection(ProjectConfigurationPlatforms) = postSolution
		{A99E2C2F-93B3-4FF1-B0B1-2E86813C500B}.Debug|Any CPU.ActiveCfg = Debug|Any CPU
		{A99E2C2F-93B3-4FF1-B0B1-2E86813C500B}.Debug|Any CPU.Build.0 = Debug|Any CPU
		{A99E2C2F-93B3-4FF1-B0B1-2E86813C500B}.Release|Any CPU.ActiveCfg = Release|Any CPU
		{A99E2C2F-93B3-4FF1-B0B1-2E86813C500B}.Release|Any CPU.Build.0 = Release|Any CPU
		{DE7A96E8-FBA2-448D-B3FF-13C7AEC73174}.Debug|Any CPU.ActiveCfg = Debug|Any CPU
		{DE7A96E8-FBA2-448D-B3FF-13C7AEC73174}.Debug|Any CPU.Build.0 = Debug|Any CPU
		{DE7A96E8-FBA2-448D-B3FF-13C7AEC73174}.Release|Any CPU.ActiveCfg = Release|Any CPU
		{DE7A96E8-FBA2-448D-B3FF-13C7AEC73174}.Release|Any CPU.Build.0 = Release|Any CPU
	EndGlobalSection
	GlobalSection(SolutionProperties) = preSolution
		HideSolutionNode = FALSE
	EndGlobalSection
	GlobalSection(ExtensibilityGlobals) = postSolution
		SolutionGuid = {A4F9D767-9AB3-487E-988F-C98D54AFEEDE}
	EndGlobalSection
EndGlobal
