
Microsoft Visual Studio Solution File, Format Version 12.00
# Visual Studio Version 17
VisualStudioVersion = 17.2.32526.322
MinimumVisualStudioVersion = 10.0.40219.1
Project("{9A19103F-16F7-4668-BE54-9A1E7A4F7556}") = "SampleBrowser.Desktop", "SampleBrowser.Desktop\SampleBrowser.Desktop.csproj", "{AF58DDDE-4F98-442A-935D-39C7671E7BEA}"
EndProject
Project("{9A19103F-16F7-4668-BE54-9A1E7A4F7556}") = "SampleBrowser.Common", "SampleBrowser.Common\SampleBrowser.Common.csproj", "{DE7A96E8-FBA2-448D-B3FF-13C7AEC73174}"
EndProject
Project("{2150E333-8FDC-42A3-9474-1A3956D46DE8}") = "References", "References", "{92DCB58B-EACE-419E-89BE-5A5F44497BE6}"
	ProjectSection(SolutionItems) = preProject
		References\ActiproSoftware.References.props = References\ActiproSoftware.References.props
		References\Avalonia.References.props = References\Avalonia.References.props
	EndProjectSection
EndProject
Global
	GlobalSection(SolutionConfigurationPlatforms) = preSolution
		Debug|Any CPU = Debug|Any CPU
		Release|Any CPU = Release|Any CPU
	EndGlobalSection
	GlobalSection(ProjectConfigurationPlatforms) = postSolution
		{AF58DDDE-4F98-442A-935D-39C7671E7BEA}.Debug|Any CPU.ActiveCfg = Debug|Any CPU
		{AF58DDDE-4F98-442A-935D-39C7671E7BEA}.Debug|Any CPU.Build.0 = Debug|Any CPU
		{AF58DDDE-4F98-442A-935D-39C7671E7BEA}.Release|Any CPU.ActiveCfg = Release|Any CPU
		{AF58DDDE-4F98-442A-935D-39C7671E7BEA}.Release|Any CPU.Build.0 = Release|Any CPU
		{DE7A96E8-FBA2-448D-B3FF-13C7AEC73174}.Debug|Any CPU.ActiveCfg = Debug|Any CPU
		{DE7A96E8-FBA2-448D-B3FF-13C7AEC73174}.Debug|Any CPU.Build.0 = Debug|Any CPU
		{DE7A96E8-FBA2-448D-B3FF-13C7AEC73174}.Release|Any CPU.ActiveCfg = Release|Any CPU
		{DE7A96E8-FBA2-448D-B3FF-13C7AEC73174}.Release|Any CPU.Build.0 = Release|Any CPU
	EndGlobalSection
	GlobalSection(SolutionProperties) = preSolution
		HideSolutionNode = FALSE
	EndGlobalSection
	GlobalSection(ExtensibilityGlobals) = postSolution
		SolutionGuid = {3D363943-2DD9-40A1-891C-BEA7D62BA0E3}
	EndGlobalSection
EndGlobal
