
Microsoft Visual Studio Solution File, Format Version 12.00
# Visual Studio Version 17
VisualStudioVersion = 17.9.34728.123
MinimumVisualStudioVersion = 10.0.40219.1
Project("{9A19103F-16F7-4668-BE54-9A1E7A4F7556}") = "Bars.Mvvm", "Bars.Mvvm\Bars.Mvvm.csproj", "{B33533C0-1392-4DD5-B7DF-63647E3DF641}"
EndProject
Project("{2150E333-8FDC-42A3-9474-1A3956D46DE8}") = "Build", "Build", "{42ABC496-E77D-4CD3-902B-90B1766654D8}"
	ProjectSection(SolutionItems) = preProject
		Directory.Build.props = Directory.Build.props
	EndProjectSection
EndProject
Global
	GlobalSection(SolutionConfigurationPlatforms) = preSolution
		Debug|Any CPU = Debug|Any CPU
		Release|Any CPU = Release|Any CPU
	EndGlobalSection
	GlobalSection(ProjectConfigurationPlatforms) = postSolution
		{B33533C0-1392-4DD5-B7DF-63647E3DF641}.Debug|Any CPU.ActiveCfg = Debug|Any CPU
		{B33533C0-1392-4DD5-B7DF-63647E3DF641}.Debug|Any CPU.Build.0 = Debug|Any CPU
		{B33533C0-1392-4DD5-B7DF-63647E3DF641}.Release|Any CPU.ActiveCfg = Release|Any CPU
		{B33533C0-1392-4DD5-B7DF-63647E3DF641}.Release|Any CPU.Build.0 = Release|Any CPU
	EndGlobalSection
	GlobalSection(SolutionProperties) = preSolution
		HideSolutionNode = FALSE
	EndGlobalSection
	GlobalSection(ExtensibilityGlobals) = postSolution
		SolutionGuid = {7D79D80D-DC0B-43CF-85C9-64909E0E42B7}
	EndGlobalSection
EndGlobal
